{
  "version": 4,
  "terraform_version": "1.0.3",
  "serial": 14,
  "lineage": "7aa5fa1b-19df-9c48-e62d-23e07919c464",
  "outputs": {
    "function_app_default_hostname": {
      "value": "azuretf-dev-func-jrpdl001.azurewebsites.net",
      "type": "string"
    },
    "function_app_name": {
      "value": "azuretf-dev-func-jrpdl001",
      "type": "string"
    }
  },
  "resources": [
    {
      "mode": "managed",
      "type": "azurerm_app_service_plan",
      "name": "app_service_plan",
      "provider": "provider[\"registry.terraform.io/hashicorp/azurerm\"]",
      "instances": [
        {
          "schema_version": 0,
          "attributes": {
            "app_service_environment_id": "",
            "id": "/subscriptions/e461c48b-3b12-47a1-b734-73fdefbbd8a8/resourceGroups/azuretf-dev-resource-group/providers/Microsoft.Web/serverfarms/azuretf-dev-app-service-plan",
            "is_xenon": false,
            "kind": "functionapp",
            "location": "eastus",
            "maximum_elastic_worker_count": 1,
            "maximum_number_of_workers": 0,
            "name": "azuretf-dev-app-service-plan",
            "per_site_scaling": false,
            "reserved": true,
            "resource_group_name": "azuretf-dev-resource-group",
            "sku": [
              {
                "capacity": 0,
                "size": "Y1",
                "tier": "Dynamic"
              }
            ],
            "tags": {},
            "timeouts": null
          },
          "sensitive_attributes": [],
          "private": "eyJlMmJmYjczMC1lY2FhLTExZTYtOGY4OC0zNDM2M2JjN2M0YzAiOnsiY3JlYXRlIjozNjAwMDAwMDAwMDAwLCJkZWxldGUiOjM2MDAwMDAwMDAwMDAsInJlYWQiOjMwMDAwMDAwMDAwMCwidXBkYXRlIjozNjAwMDAwMDAwMDAwfX0=",
          "dependencies": [
            "azurerm_resource_group.resource_group"
          ]
        }
      ]
    },
    {
      "mode": "managed",
      "type": "azurerm_application_insights",
      "name": "application_insights",
      "provider": "provider[\"registry.terraform.io/hashicorp/azurerm\"]",
      "instances": [
        {
          "schema_version": 0,
          "attributes": {
            "app_id": "060d5900-9c44-4cd4-9b4c-a7ce3ce85fba",
            "application_type": "Node.JS",
            "connection_string": "InstrumentationKey=fe8e0a96-8623-4957-ac4e-d064b2d7bccc;IngestionEndpoint=https://eastus-0.in.applicationinsights.azure.com/",
            "daily_data_cap_in_gb": 100,
            "daily_data_cap_notifications_disabled": false,
            "disable_ip_masking": false,
            "id": "/subscriptions/e461c48b-3b12-47a1-b734-73fdefbbd8a8/resourceGroups/azuretf-dev-resource-group/providers/microsoft.insights/components/azuretf-dev-application-insights",
            "instrumentation_key": "fe8e0a96-8623-4957-ac4e-d064b2d7bccc",
            "location": "eastus",
            "name": "azuretf-dev-application-insights",
            "resource_group_name": "azuretf-dev-resource-group",
            "retention_in_days": 90,
            "sampling_percentage": 100,
            "tags": {},
            "timeouts": null
          },
          "sensitive_attributes": [],
          "private": "eyJlMmJmYjczMC1lY2FhLTExZTYtOGY4OC0zNDM2M2JjN2M0YzAiOnsiY3JlYXRlIjoxODAwMDAwMDAwMDAwLCJkZWxldGUiOjE4MDAwMDAwMDAwMDAsInJlYWQiOjMwMDAwMDAwMDAwMCwidXBkYXRlIjoxODAwMDAwMDAwMDAwfX0=",
          "dependencies": [
            "azurerm_resource_group.resource_group"
          ]
        }
      ]
    },
    {
      "mode": "managed",
      "type": "azurerm_function_app",
      "name": "func_jrpdl001",
      "provider": "provider[\"registry.terraform.io/hashicorp/azurerm\"]",
      "instances": [
        {
          "schema_version": 0,
          "attributes": {
            "app_service_plan_id": "/subscriptions/e461c48b-3b12-47a1-b734-73fdefbbd8a8/resourceGroups/azuretf-dev-resource-group/providers/Microsoft.Web/serverfarms/azuretf-dev-app-service-plan",
            "app_settings": {
              "APPINSIGHTS_INSTRUMENTATIONKEY": "fe8e0a96-8623-4957-ac4e-d064b2d7bccc",
              "FUNCTIONS_WORKER_RUNTIME": "node",
              "WEBSITE_RUN_FROM_PACKAGE": ""
            },
            "auth_settings": [
              {
                "active_directory": [],
                "additional_login_params": {},
                "allowed_external_redirect_urls": [],
                "default_provider": "",
                "enabled": false,
                "facebook": [],
                "google": [],
                "issuer": "",
                "microsoft": [],
                "runtime_version": "",
                "token_refresh_extension_hours": 0,
                "token_store_enabled": false,
                "twitter": [],
                "unauthenticated_client_action": ""
              }
            ],
            "client_affinity_enabled": false,
            "client_cert_mode": "",
            "connection_string": [],
            "custom_domain_verification_id": "BA43DDA739D5E87DA0412B8DF70C04598DF70EB4D785F3B3E402A61FBFBD5119",
            "daily_memory_time_quota": 0,
            "default_hostname": "azuretf-dev-func-jrpdl001.azurewebsites.net",
            "enable_builtin_logging": true,
            "enabled": true,
            "https_only": false,
            "id": "/subscriptions/e461c48b-3b12-47a1-b734-73fdefbbd8a8/resourceGroups/azuretf-dev-resource-group/providers/Microsoft.Web/sites/azuretf-dev-func-jrpdl001",
            "identity": [],
            "kind": "functionapp,linux",
            "location": "eastus",
            "name": "azuretf-dev-func-jrpdl001",
            "os_type": "linux",
            "outbound_ip_addresses": "52.188.142.126,52.188.143.57,52.188.141.62,40.71.232.88,40.71.233.96,40.71.233.218,20.49.104.23",
            "possible_outbound_ip_addresses": "52.188.142.126,52.188.143.57,52.188.141.62,40.71.232.88,40.71.233.96,40.71.233.218,40.71.234.29,40.71.234.60,40.71.235.182,40.71.236.158,40.71.237.2,40.71.237.25,40.71.238.120,40.71.238.125,52.151.238.38,40.71.238.146,40.71.238.252,40.71.239.94,20.49.104.23",
            "resource_group_name": "azuretf-dev-resource-group",
            "site_config": [
              {
                "always_on": false,
                "auto_swap_slot_name": "",
                "cors": [
                  {
                    "allowed_origins": [],
                    "support_credentials": false
                  }
                ],
                "ftps_state": "AllAllowed",
                "health_check_path": "",
                "http2_enabled": false,
                "ip_restriction": [],
                "java_version": "",
                "linux_fx_version": "node|14",
                "min_tls_version": "1.2",
                "pre_warmed_instance_count": 0,
                "scm_ip_restriction": [],
                "scm_type": "None",
                "scm_use_main_ip_restriction": false,
                "use_32_bit_worker_process": false,
                "websockets_enabled": false
              }
            ],
            "site_credential": [
              {
                "password": "Cyga0HYcekkyq9NEcHckoSxsfpEK7Tapvdywg9e5pKdo59TfuYaN1s8L1mJu",
                "username": "$azuretf-dev-func-jrpdl001"
              }
            ],
            "source_control": [
              {
                "branch": "master",
                "manual_integration": false,
                "repo_url": "",
                "rollback_enabled": false,
                "use_mercurial": false
              }
            ],
            "storage_account_access_key": "cdM0hWRKTyqGvTRJdlSJJe5dESdfR4j8n2Ucm9c+5E8dGgrlDcZL3NimX7hArwrSBP++U9YulY/d0DFaHA2ZSA==",
            "storage_account_name": "azuretfdevstorage001",
            "storage_connection_string": "DefaultEndpointsProtocol=https;AccountName=azuretfdevstorage001;AccountKey=cdM0hWRKTyqGvTRJdlSJJe5dESdfR4j8n2Ucm9c+5E8dGgrlDcZL3NimX7hArwrSBP++U9YulY/d0DFaHA2ZSA==;EndpointSuffix=core.windows.net",
            "tags": null,
            "timeouts": null,
            "version": "~3"
          },
          "sensitive_attributes": [
            [
              {
                "type": "get_attr",
                "value": "storage_account_access_key"
              }
            ],
            [
              {
                "type": "get_attr",
                "value": "app_settings"
              },
              {
                "type": "index",
                "value": {
                  "value": "APPINSIGHTS_INSTRUMENTATIONKEY",
                  "type": "string"
                }
              }
            ]
          ],
          "private": "eyJlMmJmYjczMC1lY2FhLTExZTYtOGY4OC0zNDM2M2JjN2M0YzAiOnsiY3JlYXRlIjoxODAwMDAwMDAwMDAwLCJkZWxldGUiOjE4MDAwMDAwMDAwMDAsInJlYWQiOjMwMDAwMDAwMDAwMCwidXBkYXRlIjoxODAwMDAwMDAwMDAwfX0=",
          "dependencies": [
            "azurerm_app_service_plan.app_service_plan",
            "azurerm_application_insights.application_insights",
            "azurerm_resource_group.resource_group",
            "azurerm_storage_account.storage_account"
          ]
        }
      ]
    },
    {
      "mode": "managed",
      "type": "azurerm_resource_group",
      "name": "resource_group",
      "provider": "provider[\"registry.terraform.io/hashicorp/azurerm\"]",
      "instances": [
        {
          "schema_version": 0,
          "attributes": {
            "id": "/subscriptions/e461c48b-3b12-47a1-b734-73fdefbbd8a8/resourceGroups/azuretf-dev-resource-group",
            "location": "eastus",
            "name": "azuretf-dev-resource-group",
            "tags": {},
            "timeouts": null
          },
          "sensitive_attributes": [],
          "private": "eyJlMmJmYjczMC1lY2FhLTExZTYtOGY4OC0zNDM2M2JjN2M0YzAiOnsiY3JlYXRlIjo1NDAwMDAwMDAwMDAwLCJkZWxldGUiOjU0MDAwMDAwMDAwMDAsInJlYWQiOjMwMDAwMDAwMDAwMCwidXBkYXRlIjo1NDAwMDAwMDAwMDAwfX0="
        }
      ]
    },
    {
      "mode": "managed",
      "type": "azurerm_storage_account",
      "name": "storage_account",
      "provider": "provider[\"registry.terraform.io/hashicorp/azurerm\"]",
      "instances": [
        {
          "schema_version": 2,
          "attributes": {
            "access_tier": "Hot",
            "account_kind": "StorageV2",
            "account_replication_type": "LRS",
            "account_tier": "Standard",
            "allow_blob_public_access": false,
            "azure_files_authentication": [],
            "blob_properties": [
              {
                "change_feed_enabled": false,
                "container_delete_retention_policy": [],
                "cors_rule": [],
                "default_service_version": "",
                "delete_retention_policy": [],
                "last_access_time_enabled": false,
                "versioning_enabled": false
              }
            ],
            "custom_domain": [],
            "enable_https_traffic_only": true,
            "id": "/subscriptions/e461c48b-3b12-47a1-b734-73fdefbbd8a8/resourceGroups/azuretf-dev-resource-group/providers/Microsoft.Storage/storageAccounts/azuretfdevstorage001",
            "identity": [],
            "is_hns_enabled": false,
            "large_file_share_enabled": null,
            "location": "eastus",
            "min_tls_version": "TLS1_0",
            "name": "azuretfdevstorage001",
            "network_rules": [
              {
                "bypass": [
                  "AzureServices"
                ],
                "default_action": "Allow",
                "ip_rules": [],
                "private_link_access": [],
                "virtual_network_subnet_ids": []
              }
            ],
            "nfsv3_enabled": false,
            "primary_access_key": "cdM0hWRKTyqGvTRJdlSJJe5dESdfR4j8n2Ucm9c+5E8dGgrlDcZL3NimX7hArwrSBP++U9YulY/d0DFaHA2ZSA==",
            "primary_blob_connection_string": "DefaultEndpointsProtocol=https;BlobEndpoint=https://azuretfdevstorage001.blob.core.windows.net/;AccountName=azuretfdevstorage001;AccountKey=cdM0hWRKTyqGvTRJdlSJJe5dESdfR4j8n2Ucm9c+5E8dGgrlDcZL3NimX7hArwrSBP++U9YulY/d0DFaHA2ZSA==",
            "primary_blob_endpoint": "https://azuretfdevstorage001.blob.core.windows.net/",
            "primary_blob_host": "azuretfdevstorage001.blob.core.windows.net",
            "primary_connection_string": "DefaultEndpointsProtocol=https;AccountName=azuretfdevstorage001;AccountKey=cdM0hWRKTyqGvTRJdlSJJe5dESdfR4j8n2Ucm9c+5E8dGgrlDcZL3NimX7hArwrSBP++U9YulY/d0DFaHA2ZSA==;EndpointSuffix=core.windows.net",
            "primary_dfs_endpoint": "https://azuretfdevstorage001.dfs.core.windows.net/",
            "primary_dfs_host": "azuretfdevstorage001.dfs.core.windows.net",
            "primary_file_endpoint": "https://azuretfdevstorage001.file.core.windows.net/",
            "primary_file_host": "azuretfdevstorage001.file.core.windows.net",
            "primary_location": "eastus",
            "primary_queue_endpoint": "https://azuretfdevstorage001.queue.core.windows.net/",
            "primary_queue_host": "azuretfdevstorage001.queue.core.windows.net",
            "primary_table_endpoint": "https://azuretfdevstorage001.table.core.windows.net/",
            "primary_table_host": "azuretfdevstorage001.table.core.windows.net",
            "primary_web_endpoint": "https://azuretfdevstorage001.z13.web.core.windows.net/",
            "primary_web_host": "azuretfdevstorage001.z13.web.core.windows.net",
            "queue_properties": [
              {
                "cors_rule": [],
                "hour_metrics": [
                  {
                    "enabled": true,
                    "include_apis": true,
                    "retention_policy_days": 7,
                    "version": "1.0"
                  }
                ],
                "logging": [
                  {
                    "delete": false,
                    "read": false,
                    "retention_policy_days": 0,
                    "version": "1.0",
                    "write": false
                  }
                ],
                "minute_metrics": [
                  {
                    "enabled": false,
                    "include_apis": false,
                    "retention_policy_days": 0,
                    "version": "1.0"
                  }
                ]
              }
            ],
            "resource_group_name": "azuretf-dev-resource-group",
            "routing": [],
            "secondary_access_key": "GhmT9izYMFAGew0gMH8RbvDthDup6uutRn3FVW8ME4wyp5kvtlR+mHA09aM76lPcInBAgiK8yBZfcFxXjljq3A==",
            "secondary_blob_connection_string": "",
            "secondary_blob_endpoint": null,
            "secondary_blob_host": null,
            "secondary_connection_string": "DefaultEndpointsProtocol=https;AccountName=azuretfdevstorage001;AccountKey=GhmT9izYMFAGew0gMH8RbvDthDup6uutRn3FVW8ME4wyp5kvtlR+mHA09aM76lPcInBAgiK8yBZfcFxXjljq3A==;EndpointSuffix=core.windows.net",
            "secondary_dfs_endpoint": null,
            "secondary_dfs_host": null,
            "secondary_file_endpoint": null,
            "secondary_file_host": null,
            "secondary_location": "",
            "secondary_queue_endpoint": null,
            "secondary_queue_host": null,
            "secondary_table_endpoint": null,
            "secondary_table_host": null,
            "secondary_web_endpoint": null,
            "secondary_web_host": null,
            "share_properties": [
              {
                "cors_rule": [],
                "retention_policy": [
                  {
                    "days": 7
                  }
                ],
                "smb": []
              }
            ],
            "static_website": [],
            "tags": {},
            "timeouts": null
          },
          "sensitive_attributes": [],
          "private": "eyJlMmJmYjczMC1lY2FhLTExZTYtOGY4OC0zNDM2M2JjN2M0YzAiOnsiY3JlYXRlIjozNjAwMDAwMDAwMDAwLCJkZWxldGUiOjM2MDAwMDAwMDAwMDAsInJlYWQiOjMwMDAwMDAwMDAwMCwidXBkYXRlIjozNjAwMDAwMDAwMDAwfSwic2NoZW1hX3ZlcnNpb24iOiIyIn0=",
          "dependencies": [
            "azurerm_resource_group.resource_group"
          ]
        }
      ]
    }
  ]
}
